
Microsoft Visual Studio Solution File, Format Version 12.00
# Visual Studio Version 18
VisualStudioVersion = 18.4.11620.152 stable
MinimumVisualStudioVersion = 10.0.40219.1
Project("{FAE04EC0-301F-11D3-BF4B-00C04F79EFBC}") = "OOP Demonstrate program", "OOP Demonstrate program.csproj", "{79DD2C1B-6142-8AE4-4F94-B2450B80286D}"
EndProject
Global
	GlobalSection(SolutionConfigurationPlatforms) = preSolution
		Debug|Any CPU = Debug|Any CPU
		Release|Any CPU = Release|Any CPU
	EndGlobalSection
	GlobalSection(ProjectConfigurationPlatforms) = postSolution
		{79DD2C1B-6142-8AE4-4F94-B2450B80286D}.Debug|Any CPU.ActiveCfg = Debug|Any CPU
		{79DD2C1B-6142-8AE4-4F94-B2450B80286D}.Debug|Any CPU.Build.0 = Debug|Any CPU
		{79DD2C1B-6142-8AE4-4F94-B2450B80286D}.Release|Any CPU.ActiveCfg = Release|Any CPU
		{79DD2C1B-6142-8AE4-4F94-B2450B80286D}.Release|Any CPU.Build.0 = Release|Any CPU
	EndGlobalSection
	GlobalSection(SolutionProperties) = preSolution
		HideSolutionNode = FALSE
	EndGlobalSection
	GlobalSection(ExtensibilityGlobals) = postSolution
		SolutionGuid = {FFF45E79-91BE-4907-B48F-4205E549600B}
	EndGlobalSection
EndGlobal
